
Microsoft Visual Studio Solution File, Format Version 12.00
# Visual Studio Version 17
VisualStudioVersion = 17.7.34202.233
MinimumVisualStudioVersion = 10.0.40219.1
Project("{FAE04EC0-301F-11D3-BF4B-00C04F79EFBC}") = "AdO.net", "AdO.net\AdO.net.csproj", "{02E928AF-87E0-4762-93E9-DD838C3181C5}"
EndProject
Global
	GlobalSection(SolutionConfigurationPlatforms) = preSolution
		Debug|Any CPU = Debug|Any CPU
		Release|Any CPU = Release|Any CPU
	EndGlobalSection
	GlobalSection(ProjectConfigurationPlatforms) = postSolution
		{02E928AF-87E0-4762-93E9-DD838C3181C5}.Debug|Any CPU.ActiveCfg = Debug|Any CPU
		{02E928AF-87E0-4762-93E9-DD838C3181C5}.Debug|Any CPU.Build.0 = Debug|Any CPU
		{02E928AF-87E0-4762-93E9-DD838C3181C5}.Release|Any CPU.ActiveCfg = Release|Any CPU
		{02E928AF-87E0-4762-93E9-DD838C3181C5}.Release|Any CPU.Build.0 = Release|Any CPU
	EndGlobalSection
	GlobalSection(SolutionProperties) = preSolution
		HideSolutionNode = FALSE
	EndGlobalSection
	GlobalSection(ExtensibilityGlobals) = postSolution
		SolutionGuid = {FF2C769F-0BEA-4799-842B-C0BA0103C830}
	EndGlobalSection
EndGlobal
